// !$*UTF8*$!
{
	archiveVersion = 1;
	classes = {
	};
	objectVersion = 48;
	objects = {

/* Begin PBXBuildFile section */
		0D351637740D8CD3B991A4EC /* Pods_Spark_DispplayUITests.framework in Frameworks */ = {isa = PBXBuildFile; fileRef = 5D65F0B9925BFE382C5B3C24 /* Pods_Spark_DispplayUITests.framework */; };
		CE8219D3941338608B823872 /* Pods_Spark_DispplayTests.framework in Frameworks */ = {isa = PBXBuildFile; fileRef = B952C2E69DF44F4A7BB8EADD /* Pods_Spark_DispplayTests.framework */; };
		D37080282194179500C1C5DA /* AppDelegate.swift in Sources */ = {isa = PBXBuildFile; fileRef = D37080272194179500C1C5DA /* AppDelegate.swift */; };
		D370802A2194179500C1C5DA /* ViewController.swift in Sources */ = {isa = PBXBuildFile; fileRef = D37080292194179500C1C5DA /* ViewController.swift */; };
		D37080322194179500C1C5DA /* Assets.xcassets in Resources */ = {isa = PBXBuildFile; fileRef = D37080312194179500C1C5DA /* Assets.xcassets */; };
		D37080352194179500C1C5DA /* LaunchScreen.storyboard in Resources */ = {isa = PBXBuildFile; fileRef = D37080332194179500C1C5DA /* LaunchScreen.storyboard */; };
		D37080402194179500C1C5DA /* Spark_DispplayTests.swift in Sources */ = {isa = PBXBuildFile; fileRef = D370803F2194179500C1C5DA /* Spark_DispplayTests.swift */; };
		D370804B2194179500C1C5DA /* Spark_DispplayUITests.swift in Sources */ = {isa = PBXBuildFile; fileRef = D370804A2194179500C1C5DA /* Spark_DispplayUITests.swift */; };
		D370805A2194181D00C1C5DA /* FactTableViewCell.swift in Sources */ = {isa = PBXBuildFile; fileRef = D37080592194181D00C1C5DA /* FactTableViewCell.swift */; };
		D370805C2194194E00C1C5DA /* Fact.swift in Sources */ = {isa = PBXBuildFile; fileRef = D370805B2194194E00C1C5DA /* Fact.swift */; };
		D395AEEF21957E4A0035F5FC /* RootViewController.swift in Sources */ = {isa = PBXBuildFile; fileRef = D395AEEE21957E4A0035F5FC /* RootViewController.swift */; };
		D39629D621942F940034CCD6 /* image.swift in Sources */ = {isa = PBXBuildFile; fileRef = D39629D521942F940034CCD6 /* image.swift */; };
		D39629D8219433FF0034CCD6 /* FactCellViewModel.swift in Sources */ = {isa = PBXBuildFile; fileRef = D39629D7219433FF0034CCD6 /* FactCellViewModel.swift */; };
		D39629E021945B740034CCD6 /* JsonParsing.swift in Sources */ = {isa = PBXBuildFile; fileRef = D39629DF21945B740034CCD6 /* JsonParsing.swift */; };
		D3C2A50E219AE20800ECAE57 /* Connectivity.swift in Sources */ = {isa = PBXBuildFile; fileRef = D3C2A50D219AE20800ECAE57 /* Connectivity.swift */; };
		D3C2A510219BDF0000ECAE57 /* APICalls.swift in Sources */ = {isa = PBXBuildFile; fileRef = D3C2A50F219BDF0000ECAE57 /* APICalls.swift */; };
		D3C2A512219BE83100ECAE57 /* StyleKit.swift in Sources */ = {isa = PBXBuildFile; fileRef = D3C2A511219BE83100ECAE57 /* StyleKit.swift */; };
		D3C2A514219BFCAC00ECAE57 /* Errors.swift in Sources */ = {isa = PBXBuildFile; fileRef = D3C2A513219BFCAC00ECAE57 /* Errors.swift */; };
		EFE5EC1CFF4DEAAC72B22407 /* Pods_Spark_Dispplay.framework in Frameworks */ = {isa = PBXBuildFile; fileRef = 468497EB3AB3156E169B58FE /* Pods_Spark_Dispplay.framework */; };
/* End PBXBuildFile section */

/* Begin PBXContainerItemProxy section */
		D370803C2194179500C1C5DA /* PBXContainerItemProxy */ = {
			isa = PBXContainerItemProxy;
			containerPortal = D370801C2194179500C1C5DA /* Project object */;
			proxyType = 1;
			remoteGlobalIDString = D37080232194179500C1C5DA;
			remoteInfo = Spark_Dispplay;
		};
		D37080472194179500C1C5DA /* PBXContainerItemProxy */ = {
			isa = PBXContainerItemProxy;
			containerPortal = D370801C2194179500C1C5DA /* Project object */;
			proxyType = 1;
			remoteGlobalIDString = D37080232194179500C1C5DA;
			remoteInfo = Spark_Dispplay;
		};
/* End PBXContainerItemProxy section */

/* Begin PBXFileReference section */
		04420E0460A73309514A9D12 /* Pods-Spark_DispplayTests.release.xcconfig */ = {isa = PBXFileReference; includeInIndex = 1; lastKnownFileType = text.xcconfig; name = "Pods-Spark_DispplayTests.release.xcconfig"; path = "Pods/Target Support Files/Pods-Spark_DispplayTests/Pods-Spark_DispplayTests.release.xcconfig"; sourceTree = "<group>"; };
		220A5DAA807BC48BE6D6496C /* Pods-Spark_DispplayUITests.debug.xcconfig */ = {isa = PBXFileReference; includeInIndex = 1; lastKnownFileType = text.xcconfig; name = "Pods-Spark_DispplayUITests.debug.xcconfig"; path = "Pods/Target Support Files/Pods-Spark_DispplayUITests/Pods-Spark_DispplayUITests.debug.xcconfig"; sourceTree = "<group>"; };
		37D1C3E269764FB1515366E7 /* Pods-Spark_DispplayUITests.release.xcconfig */ = {isa = PBXFileReference; includeInIndex = 1; lastKnownFileType = text.xcconfig; name = "Pods-Spark_DispplayUITests.release.xcconfig"; path = "Pods/Target Support Files/Pods-Spark_DispplayUITests/Pods-Spark_DispplayUITests.release.xcconfig"; sourceTree = "<group>"; };
		387A1F6A1FCD89030B3F13A0 /* Pods-Spark_DispplayTests.debug.xcconfig */ = {isa = PBXFileReference; includeInIndex = 1; lastKnownFileType = text.xcconfig; name = "Pods-Spark_DispplayTests.debug.xcconfig"; path = "Pods/Target Support Files/Pods-Spark_DispplayTests/Pods-Spark_DispplayTests.debug.xcconfig"; sourceTree = "<group>"; };
		468497EB3AB3156E169B58FE /* Pods_Spark_Dispplay.framework */ = {isa = PBXFileReference; explicitFileType = wrapper.framework; includeInIndex = 0; path = Pods_Spark_Dispplay.framework; sourceTree = BUILT_PRODUCTS_DIR; };
		5D65F0B9925BFE382C5B3C24 /* Pods_Spark_DispplayUITests.framework */ = {isa = PBXFileReference; explicitFileType = wrapper.framework; includeInIndex = 0; path = Pods_Spark_DispplayUITests.framework; sourceTree = BUILT_PRODUCTS_DIR; };
		A301F17F2711763D92393B8E /* Pods-Spark_Dispplay.release.xcconfig */ = {isa = PBXFileReference; includeInIndex = 1; lastKnownFileType = text.xcconfig; name = "Pods-Spark_Dispplay.release.xcconfig"; path = "Pods/Target Support Files/Pods-Spark_Dispplay/Pods-Spark_Dispplay.release.xcconfig"; sourceTree = "<group>"; };
		A5B4F8A881774930E0BF4F57 /* Pods-Spark_Dispplay.debug.xcconfig */ = {isa = PBXFileReference; includeInIndex = 1; lastKnownFileType = text.xcconfig; name = "Pods-Spark_Dispplay.debug.xcconfig"; path = "Pods/Target Support Files/Pods-Spark_Dispplay/Pods-Spark_Dispplay.debug.xcconfig"; sourceTree = "<group>"; };
		B952C2E69DF44F4A7BB8EADD /* Pods_Spark_DispplayTests.framework */ = {isa = PBXFileReference; explicitFileType = wrapper.framework; includeInIndex = 0; path = Pods_Spark_DispplayTests.framework; sourceTree = BUILT_PRODUCTS_DIR; };
		D37080242194179500C1C5DA /* Spark_Dispplay.app */ = {isa = PBXFileReference; explicitFileType = wrapper.application; includeInIndex = 0; path = Spark_Dispplay.app; sourceTree = BUILT_PRODUCTS_DIR; };
		D37080272194179500C1C5DA /* AppDelegate.swift */ = {isa = PBXFileReference; lastKnownFileType = sourcecode.swift; path = AppDelegate.swift; sourceTree = "<group>"; };
		D37080292194179500C1C5DA /* ViewController.swift */ = {isa = PBXFileReference; lastKnownFileType = sourcecode.swift; path = ViewController.swift; sourceTree = "<group>"; };
		D37080312194179500C1C5DA /* Assets.xcassets */ = {isa = PBXFileReference; lastKnownFileType = folder.assetcatalog; path = Assets.xcassets; sourceTree = "<group>"; };
		D37080342194179500C1C5DA /* Base */ = {isa = PBXFileReference; lastKnownFileType = file.storyboard; name = Base; path = Base.lproj/LaunchScreen.storyboard; sourceTree = "<group>"; };
		D37080362194179500C1C5DA /* Info.plist */ = {isa = PBXFileReference; lastKnownFileType = text.plist.xml; path = Info.plist; sourceTree = "<group>"; };
		D370803B2194179500C1C5DA /* Spark_DispplayTests.xctest */ = {isa = PBXFileReference; explicitFileType = wrapper.cfbundle; includeInIndex = 0; path = Spark_DispplayTests.xctest; sourceTree = BUILT_PRODUCTS_DIR; };
		D370803F2194179500C1C5DA /* Spark_DispplayTests.swift */ = {isa = PBXFileReference; lastKnownFileType = sourcecode.swift; path = Spark_DispplayTests.swift; sourceTree = "<group>"; };
		D37080412194179500C1C5DA /* Info.plist */ = {isa = PBXFileReference; lastKnownFileType = text.plist.xml; path = Info.plist; sourceTree = "<group>"; };
		D37080462194179500C1C5DA /* Spark_DispplayUITests.xctest */ = {isa = PBXFileReference; explicitFileType = wrapper.cfbundle; includeInIndex = 0; path = Spark_DispplayUITests.xctest; sourceTree = BUILT_PRODUCTS_DIR; };
		D370804A2194179500C1C5DA /* Spark_DispplayUITests.swift */ = {isa = PBXFileReference; lastKnownFileType = sourcecode.swift; path = Spark_DispplayUITests.swift; sourceTree = "<group>"; };
		D370804C2194179500C1C5DA /* Info.plist */ = {isa = PBXFileReference; lastKnownFileType = text.plist.xml; path = Info.plist; sourceTree = "<group>"; };
		D37080592194181D00C1C5DA /* FactTableViewCell.swift */ = {isa = PBXFileReference; lastKnownFileType = sourcecode.swift; path = FactTableViewCell.swift; sourceTree = "<group>"; };
		D370805B2194194E00C1C5DA /* Fact.swift */ = {isa = PBXFileReference; lastKnownFileType = sourcecode.swift; path = Fact.swift; sourceTree = "<group>"; };
		D395AEEE21957E4A0035F5FC /* RootViewController.swift */ = {isa = PBXFileReference; lastKnownFileType = sourcecode.swift; path = RootViewController.swift; sourceTree = "<group>"; };
		D39629D521942F940034CCD6 /* image.swift */ = {isa = PBXFileReference; lastKnownFileType = sourcecode.swift; path = image.swift; sourceTree = "<group>"; };
		D39629D7219433FF0034CCD6 /* FactCellViewModel.swift */ = {isa = PBXFileReference; lastKnownFileType = sourcecode.swift; path = FactCellViewModel.swift; sourceTree = "<group>"; };
		D39629DF21945B740034CCD6 /* JsonParsing.swift */ = {isa = PBXFileReference; lastKnownFileType = sourcecode.swift; path = JsonParsing.swift; sourceTree = "<group>"; };
		D3C2A50D219AE20800ECAE57 /* Connectivity.swift */ = {isa = PBXFileReference; lastKnownFileType = sourcecode.swift; path = Connectivity.swift; sourceTree = "<group>"; };
		D3C2A50F219BDF0000ECAE57 /* APICalls.swift */ = {isa = PBXFileReference; lastKnownFileType = sourcecode.swift; path = APICalls.swift; sourceTree = "<group>"; };
		D3C2A511219BE83100ECAE57 /* StyleKit.swift */ = {isa = PBXFileReference; lastKnownFileType = sourcecode.swift; path = StyleKit.swift; sourceTree = "<group>"; };
		D3C2A513219BFCAC00ECAE57 /* Errors.swift */ = {isa = PBXFileReference; lastKnownFileType = sourcecode.swift; path = Errors.swift; sourceTree = "<group>"; };
/* End PBXFileReference section */

/* Begin PBXFrameworksBuildPhase section */
		D37080212194179500C1C5DA /* Frameworks */ = {
			isa = PBXFrameworksBuildPhase;
			buildActionMask = 2147483647;
			files = (
				EFE5EC1CFF4DEAAC72B22407 /* Pods_Spark_Dispplay.framework in Frameworks */,
			);
			runOnlyForDeploymentPostprocessing = 0;
		};
		D37080382194179500C1C5DA /* Frameworks */ = {
			isa = PBXFrameworksBuildPhase;
			buildActionMask = 2147483647;
			files = (
				CE8219D3941338608B823872 /* Pods_Spark_DispplayTests.framework in Frameworks */,
			);
			runOnlyForDeploymentPostprocessing = 0;
		};
		D37080432194179500C1C5DA /* Frameworks */ = {
			isa = PBXFrameworksBuildPhase;
			buildActionMask = 2147483647;
			files = (
				0D351637740D8CD3B991A4EC /* Pods_Spark_DispplayUITests.framework in Frameworks */,
			);
			runOnlyForDeploymentPostprocessing = 0;
		};
/* End PBXFrameworksBuildPhase section */

/* Begin PBXGroup section */
		B04D5E50F0FF6D9179F2DAB7 /* Pods */ = {
			isa = PBXGroup;
			children = (
				A5B4F8A881774930E0BF4F57 /* Pods-Spark_Dispplay.debug.xcconfig */,
				A301F17F2711763D92393B8E /* Pods-Spark_Dispplay.release.xcconfig */,
				387A1F6A1FCD89030B3F13A0 /* Pods-Spark_DispplayTests.debug.xcconfig */,
				04420E0460A73309514A9D12 /* Pods-Spark_DispplayTests.release.xcconfig */,
				220A5DAA807BC48BE6D6496C /* Pods-Spark_DispplayUITests.debug.xcconfig */,
				37D1C3E269764FB1515366E7 /* Pods-Spark_DispplayUITests.release.xcconfig */,
			);
			name = Pods;
			sourceTree = "<group>";
		};
		D370801B2194179500C1C5DA = {
			isa = PBXGroup;
			children = (
				D37080262194179500C1C5DA /* Spark_Dispplay */,
				D370803E2194179500C1C5DA /* Spark_DispplayTests */,
				D37080492194179500C1C5DA /* Spark_DispplayUITests */,
				D37080252194179500C1C5DA /* Products */,
				B04D5E50F0FF6D9179F2DAB7 /* Pods */,
				E19AFA95AA5BE55E988B9064 /* Frameworks */,
			);
			sourceTree = "<group>";
		};
		D37080252194179500C1C5DA /* Products */ = {
			isa = PBXGroup;
			children = (
				D37080242194179500C1C5DA /* Spark_Dispplay.app */,
				D370803B2194179500C1C5DA /* Spark_DispplayTests.xctest */,
				D37080462194179500C1C5DA /* Spark_DispplayUITests.xctest */,
			);
			name = Products;
			sourceTree = "<group>";
		};
		D37080262194179500C1C5DA /* Spark_Dispplay */ = {
			isa = PBXGroup;
			children = (
				D39629DE219459DF0034CCD6 /* ViewController */,
				D39629DD219459A60034CCD6 /* NetworkCalls */,
				D39629DC2194598D0034CCD6 /* HelperFiles */,
				D39629DB2194596A0034CCD6 /* View */,
				D39629DA219459420034CCD6 /* ViewModel */,
				D39629D9219457FD0034CCD6 /* Model */,
				D37080272194179500C1C5DA /* AppDelegate.swift */,
				D37080312194179500C1C5DA /* Assets.xcassets */,
				D37080332194179500C1C5DA /* LaunchScreen.storyboard */,
				D37080362194179500C1C5DA /* Info.plist */,
			);
			path = Spark_Dispplay;
			sourceTree = "<group>";
		};
		D370803E2194179500C1C5DA /* Spark_DispplayTests */ = {
			isa = PBXGroup;
			children = (
				D395AEED219572C30035F5FC /* ViewController */,
				D370803F2194179500C1C5DA /* Spark_DispplayTests.swift */,
				D37080412194179500C1C5DA /* Info.plist */,
			);
			path = Spark_DispplayTests;
			sourceTree = "<group>";
		};
		D37080492194179500C1C5DA /* Spark_DispplayUITests */ = {
			isa = PBXGroup;
			children = (
				D370804A2194179500C1C5DA /* Spark_DispplayUITests.swift */,
				D370804C2194179500C1C5DA /* Info.plist */,
			);
			path = Spark_DispplayUITests;
			sourceTree = "<group>";
		};
		D395AEED219572C30035F5FC /* ViewController */ = {
			isa = PBXGroup;
			children = (
				D395AEEE21957E4A0035F5FC /* RootViewController.swift */,
			);
			path = ViewController;
			sourceTree = "<group>";
		};
		D39629D9219457FD0034CCD6 /* Model */ = {
			isa = PBXGroup;
			children = (
				D370805B2194194E00C1C5DA /* Fact.swift */,
			);
			path = Model;
			sourceTree = "<group>";
		};
		D39629DA219459420034CCD6 /* ViewModel */ = {
			isa = PBXGroup;
			children = (
				D39629D7219433FF0034CCD6 /* FactCellViewModel.swift */,
			);
			path = ViewModel;
			sourceTree = "<group>";
		};
		D39629DB2194596A0034CCD6 /* View */ = {
			isa = PBXGroup;
			children = (
				D39629D521942F940034CCD6 /* image.swift */,
				D37080592194181D00C1C5DA /* FactTableViewCell.swift */,
			);
			path = View;
			sourceTree = "<group>";
		};
		D39629DC2194598D0034CCD6 /* HelperFiles */ = {
			isa = PBXGroup;
			children = (
				D39629DF21945B740034CCD6 /* JsonParsing.swift */,
				D3C2A50D219AE20800ECAE57 /* Connectivity.swift */,
				D3C2A511219BE83100ECAE57 /* StyleKit.swift */,
				D3C2A513219BFCAC00ECAE57 /* Errors.swift */,
			);
			path = HelperFiles;
			sourceTree = "<group>";
		};
		D39629DD219459A60034CCD6 /* NetworkCalls */ = {
			isa = PBXGroup;
			children = (
				D3C2A50F219BDF0000ECAE57 /* APICalls.swift */,
			);
			path = NetworkCalls;
			sourceTree = "<group>";
		};
		D39629DE219459DF0034CCD6 /* ViewController */ = {
			isa = PBXGroup;
			children = (
				D37080292194179500C1C5DA /* ViewController.swift */,
			);
			path = ViewController;
			sourceTree = "<group>";
		};
		E19AFA95AA5BE55E988B9064 /* Frameworks */ = {
			isa = PBXGroup;
			children = (
				468497EB3AB3156E169B58FE /* Pods_Spark_Dispplay.framework */,
				B952C2E69DF44F4A7BB8EADD /* Pods_Spark_DispplayTests.framework */,
				5D65F0B9925BFE382C5B3C24 /* Pods_Spark_DispplayUITests.framework */,
			);
			name = Frameworks;
			sourceTree = "<group>";
		};
/* End PBXGroup section */

/* Begin PBXNativeTarget section */
		D37080232194179500C1C5DA /* Spark_Dispplay */ = {
			isa = PBXNativeTarget;
			buildConfigurationList = D370804F2194179500C1C5DA /* Build configuration list for PBXNativeTarget "Spark_Dispplay" */;
			buildPhases = (
				DFD17AD3EB74CFE137F7062D /* [CP] Check Pods Manifest.lock */,
				D37080202194179500C1C5DA /* Sources */,
				D37080212194179500C1C5DA /* Frameworks */,
				D37080222194179500C1C5DA /* Resources */,
				9B5EEE9B7C9FA8964ABF2F50 /* [CP] Embed Pods Frameworks */,
			);
			buildRules = (
			);
			dependencies = (
			);
			name = Spark_Dispplay;
			productName = Spark_Dispplay;
			productReference = D37080242194179500C1C5DA /* Spark_Dispplay.app */;
			productType = "com.apple.product-type.application";
		};
		D370803A2194179500C1C5DA /* Spark_DispplayTests */ = {
			isa = PBXNativeTarget;
			buildConfigurationList = D37080522194179500C1C5DA /* Build configuration list for PBXNativeTarget "Spark_DispplayTests" */;
			buildPhases = (
				BC8C86FA95ACDE825F422836 /* [CP] Check Pods Manifest.lock */,
				D37080372194179500C1C5DA /* Sources */,
				D37080382194179500C1C5DA /* Frameworks */,
				D37080392194179500C1C5DA /* Resources */,
			);
			buildRules = (
			);
			dependencies = (
				D370803D2194179500C1C5DA /* PBXTargetDependency */,
			);
			name = Spark_DispplayTests;
			productName = Spark_DispplayTests;
			productReference = D370803B2194179500C1C5DA /* Spark_DispplayTests.xctest */;
			productType = "com.apple.product-type.bundle.unit-test";
		};
		D37080452194179500C1C5DA /* Spark_DispplayUITests */ = {
			isa = PBXNativeTarget;
			buildConfigurationList = D37080552194179500C1C5DA /* Build configuration list for PBXNativeTarget "Spark_DispplayUITests" */;
			buildPhases = (
				5B3C279DD47457047907B6FE /* [CP] Check Pods Manifest.lock */,
				D37080422194179500C1C5DA /* Sources */,
				D37080432194179500C1C5DA /* Frameworks */,
				D37080442194179500C1C5DA /* Resources */,
			);
			buildRules = (
			);
			dependencies = (
				D37080482194179500C1C5DA /* PBXTargetDependency */,
			);
			name = Spark_DispplayUITests;
			productName = Spark_DispplayUITests;
			productReference = D37080462194179500C1C5DA /* Spark_DispplayUITests.xctest */;
			productType = "com.apple.product-type.bundle.ui-testing";
		};
/* End PBXNativeTarget section */

/* Begin PBXProject section */
		D370801C2194179500C1C5DA /* Project object */ = {
			isa = PBXProject;
			attributes = {
				LastSwiftUpdateCheck = 0900;
				LastUpgradeCheck = 0900;
				ORGANIZATIONNAME = Ibrahim;
				TargetAttributes = {
					D37080232194179500C1C5DA = {
						CreatedOnToolsVersion = 9.0;
						ProvisioningStyle = Automatic;
					};
					D370803A2194179500C1C5DA = {
						CreatedOnToolsVersion = 9.0;
						ProvisioningStyle = Automatic;
						TestTargetID = D37080232194179500C1C5DA;
					};
					D37080452194179500C1C5DA = {
						CreatedOnToolsVersion = 9.0;
						ProvisioningStyle = Automatic;
						TestTargetID = D37080232194179500C1C5DA;
					};
				};
			};
			buildConfigurationList = D370801F2194179500C1C5DA /* Build configuration list for PBXProject "Spark_Dispplay" */;
			compatibilityVersion = "Xcode 8.0";
			developmentRegion = en;
			hasScannedForEncodings = 0;
			knownRegions = (
				en,
				Base,
			);
			mainGroup = D370801B2194179500C1C5DA;
			productRefGroup = D37080252194179500C1C5DA /* Products */;
			projectDirPath = "";
			projectRoot = "";
			targets = (
				D37080232194179500C1C5DA /* Spark_Dispplay */,
				D370803A2194179500C1C5DA /* Spark_DispplayTests */,
				D37080452194179500C1C5DA /* Spark_DispplayUITests */,
			);
		};
/* End PBXProject section */

/* Begin PBXResourcesBuildPhase section */
		D37080222194179500C1C5DA /* Resources */ = {
			isa = PBXResourcesBuildPhase;
			buildActionMask = 2147483647;
			files = (
				D37080352194179500C1C5DA /* LaunchScreen.storyboard in Resources */,
				D37080322194179500C1C5DA /* Assets.xcassets in Resources */,
			);
			runOnlyForDeploymentPostprocessing = 0;
		};
		D37080392194179500C1C5DA /* Resources */ = {
			isa = PBXResourcesBuildPhase;
			buildActionMask = 2147483647;
			files = (
			);
			runOnlyForDeploymentPostprocessing = 0;
		};
		D37080442194179500C1C5DA /* Resources */ = {
			isa = PBXResourcesBuildPhase;
			buildActionMask = 2147483647;
			files = (
			);
			runOnlyForDeploymentPostprocessing = 0;
		};
/* End PBXResourcesBuildPhase section */

/* Begin PBXShellScriptBuildPhase section */
		5B3C279DD47457047907B6FE /* [CP] Check Pods Manifest.lock */ = {
			isa = PBXShellScriptBuildPhase;
			buildActionMask = 2147483647;
			files = (
			);
			inputPaths = (
				"${PODS_PODFILE_DIR_PATH}/Podfile.lock",
				"${PODS_ROOT}/Manifest.lock",
			);
			name = "[CP] Check Pods Manifest.lock";
			outputPaths = (
				"$(DERIVED_FILE_DIR)/Pods-Spark_DispplayUITests-checkManifestLockResult.txt",
			);
			runOnlyForDeploymentPostprocessing = 0;
			shellPath = /bin/sh;
			shellScript = "diff \"${PODS_PODFILE_DIR_PATH}/Podfile.lock\" \"${PODS_ROOT}/Manifest.lock\" > /dev/null\nif [ $? != 0 ] ; then\n    # print error to STDERR\n    echo \"error: The sandbox is not in sync with the Podfile.lock. Run 'pod install' or update your CocoaPods installation.\" >&2\n    exit 1\nfi\n# This output is used by Xcode 'outputs' to avoid re-running this script phase.\necho \"SUCCESS\" > \"${SCRIPT_OUTPUT_FILE_0}\"\n";
			showEnvVarsInLog = 0;
		};
		9B5EEE9B7C9FA8964ABF2F50 /* [CP] Embed Pods Frameworks */ = {
			isa = PBXShellScriptBuildPhase;
			buildActionMask = 2147483647;
			files = (
			);
			inputPaths = (
				"${SRCROOT}/Pods/Target Support Files/Pods-Spark_Dispplay/Pods-Spark_Dispplay-frameworks.sh",
				"${BUILT_PRODUCTS_DIR}/Alamofire/Alamofire.framework",
				"${BUILT_PRODUCTS_DIR}/Alamofire-SwiftyJSON/Alamofire_SwiftyJSON.framework",
				"${BUILT_PRODUCTS_DIR}/ReachabilitySwift/ReachabilitySwift.framework",
				"${BUILT_PRODUCTS_DIR}/SwiftyJSON/SwiftyJSON.framework",
			);
			name = "[CP] Embed Pods Frameworks";
			outputPaths = (
				"${TARGET_BUILD_DIR}/${FRAMEWORKS_FOLDER_PATH}/Alamofire.framework",
				"${TARGET_BUILD_DIR}/${FRAMEWORKS_FOLDER_PATH}/Alamofire_SwiftyJSON.framework",
				"${TARGET_BUILD_DIR}/${FRAMEWORKS_FOLDER_PATH}/ReachabilitySwift.framework",
				"${TARGET_BUILD_DIR}/${FRAMEWORKS_FOLDER_PATH}/SwiftyJSON.framework",
			);
			runOnlyForDeploymentPostprocessing = 0;
			shellPath = /bin/sh;
			shellScript = "\"${SRCROOT}/Pods/Target Support Files/Pods-Spark_Dispplay/Pods-Spark_Dispplay-frameworks.sh\"\n";
			showEnvVarsInLog = 0;
		};
		BC8C86FA95ACDE825F422836 /* [CP] Check Pods Manifest.lock */ = {
			isa = PBXShellScriptBuildPhase;
			buildActionMask = 2147483647;
			files = (
			);
			inputPaths = (
				"${PODS_PODFILE_DIR_PATH}/Podfile.lock",
				"${PODS_ROOT}/Manifest.lock",
			);
			name = "[CP] Check Pods Manifest.lock";
			outputPaths = (
				"$(DERIVED_FILE_DIR)/Pods-Spark_DispplayTests-checkManifestLockResult.txt",
			);
			runOnlyForDeploymentPostprocessing = 0;
			shellPath = /bin/sh;
			shellScript = "diff \"${PODS_PODFILE_DIR_PATH}/Podfile.lock\" \"${PODS_ROOT}/Manifest.lock\" > /dev/null\nif [ $? != 0 ] ; then\n    # print error to STDERR\n    echo \"error: The sandbox is not in sync with the Podfile.lock. Run 'pod install' or update your CocoaPods installation.\" >&2\n    exit 1\nfi\n# This output is used by Xcode 'outputs' to avoid re-running this script phase.\necho \"SUCCESS\" > \"${SCRIPT_OUTPUT_FILE_0}\"\n";
			showEnvVarsInLog = 0;
		};
		DFD17AD3EB74CFE137F7062D /* [CP] Check Pods Manifest.lock */ = {
			isa = PBXShellScriptBuildPhase;
			buildActionMask = 2147483647;
			files = (
			);
			inputPaths = (
				"${PODS_PODFILE_DIR_PATH}/Podfile.lock",
				"${PODS_ROOT}/Manifest.lock",
			);
			name = "[CP] Check Pods Manifest.lock";
			outputPaths = (
				"$(DERIVED_FILE_DIR)/Pods-Spark_Dispplay-checkManifestLockResult.txt",
			);
			runOnlyForDeploymentPostprocessing = 0;
			shellPath = /bin/sh;
			shellScript = "diff \"${PODS_PODFILE_DIR_PATH}/Podfile.lock\" \"${PODS_ROOT}/Manifest.lock\" > /dev/null\nif [ $? != 0 ] ; then\n    # print error to STDERR\n    echo \"error: The sandbox is not in sync with the Podfile.lock. Run 'pod install' or update your CocoaPods installation.\" >&2\n    exit 1\nfi\n# This output is used by Xcode 'outputs' to avoid re-running this script phase.\necho \"SUCCESS\" > \"${SCRIPT_OUTPUT_FILE_0}\"\n";
			showEnvVarsInLog = 0;
		};
/* End PBXShellScriptBuildPhase section */

/* Begin PBXSourcesBuildPhase section */
		D37080202194179500C1C5DA /* Sources */ = {
			isa = PBXSourcesBuildPhase;
			buildActionMask = 2147483647;
			files = (
				D39629D8219433FF0034CCD6 /* FactCellViewModel.swift in Sources */,
				D370802A2194179500C1C5DA /* ViewController.swift in Sources */,
				D3C2A50E219AE20800ECAE57 /* Connectivity.swift in Sources */,
				D3C2A512219BE83100ECAE57 /* StyleKit.swift in Sources */,
				D3C2A514219BFCAC00ECAE57 /* Errors.swift in Sources */,
				D39629E021945B740034CCD6 /* JsonParsing.swift in Sources */,
				D37080282194179500C1C5DA /* AppDelegate.swift in Sources */,
				D370805C2194194E00C1C5DA /* Fact.swift in Sources */,
				D370805A2194181D00C1C5DA /* FactTableViewCell.swift in Sources */,
				D3C2A510219BDF0000ECAE57 /* APICalls.swift in Sources */,
				D39629D621942F940034CCD6 /* image.swift in Sources */,
			);
			runOnlyForDeploymentPostprocessing = 0;
		};
		D37080372194179500C1C5DA /* Sources */ = {
			isa = PBXSourcesBuildPhase;
			buildActionMask = 2147483647;
			files = (
				D395AEEF21957E4A0035F5FC /* RootViewController.swift in Sources */,
				D37080402194179500C1C5DA /* Spark_DispplayTests.swift in Sources */,
			);
			runOnlyForDeploymentPostprocessing = 0;
		};
		D37080422194179500C1C5DA /* Sources */ = {
			isa = PBXSourcesBuildPhase;
			buildActionMask = 2147483647;
			files = (
				D370804B2194179500C1C5DA /* Spark_DispplayUITests.swift in Sources */,
			);
			runOnlyForDeploymentPostprocessing = 0;
		};
/* End PBXSourcesBuildPhase section */

/* Begin PBXTargetDependency section */
		D370803D2194179500C1C5DA /* PBXTargetDependency */ = {
			isa = PBXTargetDependency;
			target = D37080232194179500C1C5DA /* Spark_Dispplay */;
			targetProxy = D370803C2194179500C1C5DA /* PBXContainerItemProxy */;
		};
		D37080482194179500C1C5DA /* PBXTargetDependency */ = {
			isa = PBXTargetDependency;
			target = D37080232194179500C1C5DA /* Spark_Dispplay */;
			targetProxy = D37080472194179500C1C5DA /* PBXContainerItemProxy */;
		};
/* End PBXTargetDependency section */

/* Begin PBXVariantGroup section */
		D37080332194179500C1C5DA /* LaunchScreen.storyboard */ = {
			isa = PBXVariantGroup;
			children = (
				D37080342194179500C1C5DA /* Base */,
			);
			name = LaunchScreen.storyboard;
			sourceTree = "<group>";
		};
/* End PBXVariantGroup section */

/* Begin XCBuildConfiguration section */
		D370804D2194179500C1C5DA /* Debug */ = {
			isa = XCBuildConfiguration;
			buildSettings = {
				ALWAYS_SEARCH_USER_PATHS = NO;
				CLANG_ANALYZER_NONNULL = YES;
				CLANG_ANALYZER_NUMBER_OBJECT_CONVERSION = YES_AGGRESSIVE;
				CLANG_CXX_LANGUAGE_STANDARD = "gnu++14";
				CLANG_CXX_LIBRARY = "libc++";
				CLANG_ENABLE_MODULES = YES;
				CLANG_ENABLE_OBJC_ARC = YES;
				CLANG_WARN_BLOCK_CAPTURE_AUTORELEASING = YES;
				CLANG_WARN_BOOL_CONVERSION = YES;
				CLANG_WARN_COMMA = YES;
				CLANG_WARN_CONSTANT_CONVERSION = YES;
				CLANG_WARN_DIRECT_OBJC_ISA_USAGE = YES_ERROR;
				CLANG_WARN_DOCUMENTATION_COMMENTS = YES;
				CLANG_WARN_EMPTY_BODY = YES;
				CLANG_WARN_ENUM_CONVERSION = YES;
				CLANG_WARN_INFINITE_RECURSION = YES;
				CLANG_WARN_INT_CONVERSION = YES;
				CLANG_WARN_NON_LITERAL_NULL_CONVERSION = YES;
				CLANG_WARN_OBJC_LITERAL_CONVERSION = YES;
				CLANG_WARN_OBJC_ROOT_CLASS = YES_ERROR;
				CLANG_WARN_RANGE_LOOP_ANALYSIS = YES;
				CLANG_WARN_STRICT_PROTOTYPES = YES;
				CLANG_WARN_SUSPICIOUS_MOVE = YES;
				CLANG_WARN_UNGUARDED_AVAILABILITY = YES_AGGRESSIVE;
				CLANG_WARN_UNREACHABLE_CODE = YES;
				CLANG_WARN__DUPLICATE_METHOD_MATCH = YES;
				CODE_SIGN_IDENTITY = "iPhone Developer";
				COPY_PHASE_STRIP = NO;
				DEBUG_INFORMATION_FORMAT = dwarf;
				ENABLE_STRICT_OBJC_MSGSEND = YES;
				ENABLE_TESTABILITY = YES;
				GCC_C_LANGUAGE_STANDARD = gnu11;
				GCC_DYNAMIC_NO_PIC = NO;
				GCC_NO_COMMON_BLOCKS = YES;
				GCC_OPTIMIZATION_LEVEL = 0;
				GCC_PREPROCESSOR_DEFINITIONS = (
					"DEBUG=1",
					"$(inherited)",
				);
				GCC_WARN_64_TO_32_BIT_CONVERSION = YES;
				GCC_WARN_ABOUT_RETURN_TYPE = YES_ERROR;
				GCC_WARN_UNDECLARED_SELECTOR = YES;
				GCC_WARN_UNINITIALIZED_AUTOS = YES_AGGRESSIVE;
				GCC_WARN_UNUSED_FUNCTION = YES;
				GCC_WARN_UNUSED_VARIABLE = YES;
				IPHONEOS_DEPLOYMENT_TARGET = 11.0;
				MTL_ENABLE_DEBUG_INFO = YES;
				ONLY_ACTIVE_ARCH = YES;
				SDKROOT = iphoneos;
				SWIFT_ACTIVE_COMPILATION_CONDITIONS = DEBUG;
				SWIFT_OPTIMIZATION_LEVEL = "-Onone";
			};
			name = Debug;
		};
		D370804E2194179500C1C5DA /* Release */ = {
			isa = XCBuildConfiguration;
			buildSettings = {
				ALWAYS_SEARCH_USER_PATHS = NO;
				CLANG_ANALYZER_NONNULL = YES;
				CLANG_ANALYZER_NUMBER_OBJECT_CONVERSION = YES_AGGRESSIVE;
				CLANG_CXX_LANGUAGE_STANDARD = "gnu++14";
				CLANG_CXX_LIBRARY = "libc++";
				CLANG_ENABLE_MODULES = YES;
				CLANG_ENABLE_OBJC_ARC = YES;
				CLANG_WARN_BLOCK_CAPTURE_AUTORELEASING = YES;
				CLANG_WARN_BOOL_CONVERSION = YES;
				CLANG_WARN_COMMA = YES;
				CLANG_WARN_CONSTANT_CONVERSION = YES;
				CLANG_WARN_DIRECT_OBJC_ISA_USAGE = YES_ERROR;
				CLANG_WARN_DOCUMENTATION_COMMENTS = YES;
				CLANG_WARN_EMPTY_BODY = YES;
				CLANG_WARN_ENUM_CONVERSION = YES;
				CLANG_WARN_INFINITE_RECURSION = YES;
				CLANG_WARN_INT_CONVERSION = YES;
				CLANG_WARN_NON_LITERAL_NULL_CONVERSION = YES;
				CLANG_WARN_OBJC_LITERAL_CONVERSION = YES;
				CLANG_WARN_OBJC_ROOT_CLASS = YES_ERROR;
				CLANG_WARN_RANGE_LOOP_ANALYSIS = YES;
				CLANG_WARN_STRICT_PROTOTYPES = YES;
				CLANG_WARN_SUSPICIOUS_MOVE = YES;
				CLANG_WARN_UNGUARDED_AVAILABILITY = YES_AGGRESSIVE;
				CLANG_WARN_UNREACHABLE_CODE = YES;
				CLANG_WARN__DUPLICATE_METHOD_MATCH = YES;
				CODE_SIGN_IDENTITY = "iPhone Developer";
				COPY_PHASE_STRIP = NO;
				DEBUG_INFORMATION_FORMAT = "dwarf-with-dsym";
				ENABLE_NS_ASSERTIONS = NO;
				ENABLE_STRICT_OBJC_MSGSEND = YES;
				GCC_C_LANGUAGE_STANDARD = gnu11;
				GCC_NO_COMMON_BLOCKS = YES;
				GCC_WARN_64_TO_32_BIT_CONVERSION = YES;
				GCC_WARN_ABOUT_RETURN_TYPE = YES_ERROR;
				GCC_WARN_UNDECLARED_SELECTOR = YES;
				GCC_WARN_UNINITIALIZED_AUTOS = YES_AGGRESSIVE;
				GCC_WARN_UNUSED_FUNCTION = YES;
				GCC_WARN_UNUSED_VARIABLE = YES;
				IPHONEOS_DEPLOYMENT_TARGET = 11.0;
				MTL_ENABLE_DEBUG_INFO = NO;
				SDKROOT = iphoneos;
				SWIFT_OPTIMIZATION_LEVEL = "-Owholemodule";
				VALIDATE_PRODUCT = YES;
			};
			name = Release;
		};
		D37080502194179500C1C5DA /* Debug */ = {
			isa = XCBuildConfiguration;
			baseConfigurationReference = A5B4F8A881774930E0BF4F57 /* Pods-Spark_Dispplay.debug.xcconfig */;
			buildSettings = {
				ASSETCATALOG_COMPILER_APPICON_NAME = AppIcon;
				CODE_SIGN_STYLE = Automatic;
				INFOPLIST_FILE = Spark_Dispplay/Info.plist;
				LD_RUNPATH_SEARCH_PATHS = "$(inherited) @executable_path/Frameworks";
				PRODUCT_BUNDLE_IDENTIFIER = "com.worldcity.assignment.Spark-Dispplay";
				PRODUCT_NAME = "$(TARGET_NAME)";
				SWIFT_VERSION = 4.0;
				TARGETED_DEVICE_FAMILY = "1,2";
			};
			name = Debug;
		};
		D37080512194179500C1C5DA /* Release */ = {
			isa = XCBuildConfiguration;
			baseConfigurationReference = A301F17F2711763D92393B8E /* Pods-Spark_Dispplay.release.xcconfig */;
			buildSettings = {
				ASSETCATALOG_COMPILER_APPICON_NAME = AppIcon;
				CODE_SIGN_STYLE = Automatic;
				INFOPLIST_FILE = Spark_Dispplay/Info.plist;
				LD_RUNPATH_SEARCH_PATHS = "$(inherited) @executable_path/Frameworks";
				PRODUCT_BUNDLE_IDENTIFIER = "com.worldcity.assignment.Spark-Dispplay";
				PRODUCT_NAME = "$(TARGET_NAME)";
				SWIFT_VERSION = 4.0;
				TARGETED_DEVICE_FAMILY = "1,2";
			};
			name = Release;
		};
		D37080532194179500C1C5DA /* Debug */ = {
			isa = XCBuildConfiguration;
			baseConfigurationReference = 387A1F6A1FCD89030B3F13A0 /* Pods-Spark_DispplayTests.debug.xcconfig */;
			buildSettings = {
				ALWAYS_EMBED_SWIFT_STANDARD_LIBRARIES = YES;
				BUNDLE_LOADER = "$(TEST_HOST)";
				CODE_SIGN_STYLE = Automatic;
				INFOPLIST_FILE = Spark_DispplayTests/Info.plist;
				LD_RUNPATH_SEARCH_PATHS = "$(inherited) @executable_path/Frameworks @loader_path/Frameworks";
				PRODUCT_BUNDLE_IDENTIFIER = "com.worldcity.assignment.Spark-DispplayTests";
				PRODUCT_NAME = "$(TARGET_NAME)";
				SWIFT_VERSION = 4.0;
				TARGETED_DEVICE_FAMILY = "1,2";
				TEST_HOST = "$(BUILT_PRODUCTS_DIR)/Spark_Dispplay.app/Spark_Dispplay";
			};
			name = Debug;
		};
		D37080542194179500C1C5DA /* Release */ = {
			isa = XCBuildConfiguration;
			baseConfigurationReference = 04420E0460A73309514A9D12 /* Pods-Spark_DispplayTests.release.xcconfig */;
			buildSettings = {
				ALWAYS_EMBED_SWIFT_STANDARD_LIBRARIES = YES;
				BUNDLE_LOADER = "$(TEST_HOST)";
				CODE_SIGN_STYLE = Automatic;
				INFOPLIST_FILE = Spark_DispplayTests/Info.plist;
				LD_RUNPATH_SEARCH_PATHS = "$(inherited) @executable_path/Frameworks @loader_path/Frameworks";
				PRODUCT_BUNDLE_IDENTIFIER = "com.worldcity.assignment.Spark-DispplayTests";
				PRODUCT_NAME = "$(TARGET_NAME)";
				SWIFT_VERSION = 4.0;
				TARGETED_DEVICE_FAMILY = "1,2";
				TEST_HOST = "$(BUILT_PRODUCTS_DIR)/Spark_Dispplay.app/Spark_Dispplay";
			};
			name = Release;
		};
		D37080562194179500C1C5DA /* Debug */ = {
			isa = XCBuildConfiguration;
			baseConfigurationReference = 220A5DAA807BC48BE6D6496C /* Pods-Spark_DispplayUITests.debug.xcconfig */;
			buildSettings = {
				ALWAYS_EMBED_SWIFT_STANDARD_LIBRARIES = YES;
				CODE_SIGN_STYLE = Automatic;
				INFOPLIST_FILE = Spark_DispplayUITests/Info.plist;
				LD_RUNPATH_SEARCH_PATHS = "$(inherited) @executable_path/Frameworks @loader_path/Frameworks";
				PRODUCT_BUNDLE_IDENTIFIER = "com.worldcity.assignment.Spark-DispplayUITests";
				PRODUCT_NAME = "$(TARGET_NAME)";
				SWIFT_VERSION = 4.0;
				TARGETED_DEVICE_FAMILY = "1,2";
				TEST_TARGET_NAME = Spark_Dispplay;
			};
			name = Debug;
		};
		D37080572194179500C1C5DA /* Release */ = {
			isa = XCBuildConfiguration;
			baseConfigurationReference = 37D1C3E269764FB1515366E7 /* Pods-Spark_DispplayUITests.release.xcconfig */;
			buildSettings = {
				ALWAYS_EMBED_SWIFT_STANDARD_LIBRARIES = YES;
				CODE_SIGN_STYLE = Automatic;
				INFOPLIST_FILE = Spark_DispplayUITests/Info.plist;
				LD_RUNPATH_SEARCH_PATHS = "$(inherited) @executable_path/Frameworks @loader_path/Frameworks";
				PRODUCT_BUNDLE_IDENTIFIER = "com.worldcity.assignment.Spark-DispplayUITests";
				PRODUCT_NAME = "$(TARGET_NAME)";
				SWIFT_VERSION = 4.0;
				TARGETED_DEVICE_FAMILY = "1,2";
				TEST_TARGET_NAME = Spark_Dispplay;
			};
			name = Release;
		};
/* End XCBuildConfiguration section */

/* Begin XCConfigurationList section */
		D370801F2194179500C1C5DA /* Build configuration list for PBXProject "Spark_Dispplay" */ = {
			isa = XCConfigurationList;
			buildConfigurations = (
				D370804D2194179500C1C5DA /* Debug */,
				D370804E2194179500C1C5DA /* Release */,
			);
			defaultConfigurationIsVisible = 0;
			defaultConfigurationName = Release;
		};
		D370804F2194179500C1C5DA /* Build configuration list for PBXNativeTarget "Spark_Dispplay" */ = {
			isa = XCConfigurationList;
			buildConfigurations = (
				D37080502194179500C1C5DA /* Debug */,
				D37080512194179500C1C5DA /* Release */,
			);
			defaultConfigurationIsVisible = 0;
			defaultConfigurationName = Release;
		};
		D37080522194179500C1C5DA /* Build configuration list for PBXNativeTarget "Spark_DispplayTests" */ = {
			isa = XCConfigurationList;
			buildConfigurations = (
				D37080532194179500C1C5DA /* Debug */,
				D37080542194179500C1C5DA /* Release */,
			);
			defaultConfigurationIsVisible = 0;
			defaultConfigurationName = Release;
		};
		D37080552194179500C1C5DA /* Build configuration list for PBXNativeTarget "Spark_DispplayUITests" */ = {
			isa = XCConfigurationList;
			buildConfigurations = (
				D37080562194179500C1C5DA /* Debug */,
				D37080572194179500C1C5DA /* Release */,
			);
			defaultConfigurationIsVisible = 0;
			defaultConfigurationName = Release;
		};
/* End XCConfigurationList section */
	};
	rootObject = D370801C2194179500C1C5DA /* Project object */;
}
